
Microsoft Visual Studio Solution File, Format Version 12.00
# Visual Studio Version 17
VisualStudioVersion = 17.5.002.0
MinimumVisualStudioVersion = 10.0.40219.1
Project("{9A19103F-16F7-4668-BE54-9A1E7A4F7556}") = "csDemo", "csDemo\csDemo.csproj", "{D55C06C1-39D9-40B6-A71E-F3FD81976021}"
EndProject
Global
	GlobalSection(SolutionConfigurationPlatforms) = preSolution
		Debug|Any CPU = Debug|Any CPU
		Release|Any CPU = Release|Any CPU
	EndGlobalSection
	GlobalSection(ProjectConfigurationPlatforms) = postSolution
		{D55C06C1-39D9-40B6-A71E-F3FD81976021}.Debug|Any CPU.ActiveCfg = Debug|Any CPU
		{D55C06C1-39D9-40B6-A71E-F3FD81976021}.Debug|Any CPU.Build.0 = Debug|Any CPU
		{D55C06C1-39D9-40B6-A71E-F3FD81976021}.Release|Any CPU.ActiveCfg = Release|Any CPU
		{D55C06C1-39D9-40B6-A71E-F3FD81976021}.Release|Any CPU.Build.0 = Release|Any CPU
	EndGlobalSection
	GlobalSection(SolutionProperties) = preSolution
		HideSolutionNode = FALSE
	EndGlobalSection
	GlobalSection(ExtensibilityGlobals) = postSolution
		SolutionGuid = {01532579-5E16-44F6-9B8F-A89CF245C013}
	EndGlobalSection
EndGlobal
